
Microsoft Visual Studio Solution File, Format Version 12.00
# Visual Studio Version 17
VisualStudioVersion = 17.7.34024.191
MinimumVisualStudioVersion = 10.0.40219.1
Project("{FAE04EC0-301F-11D3-BF4B-00C04F79EFBC}") = "Game", "Game\Game.csproj", "{0E4A8AF9-DFD2-4E15-AE4E-3C2ED54376EE}"
EndProject
Global
	GlobalSection(SolutionConfigurationPlatforms) = preSolution
		Debug|Any CPU = Debug|Any CPU
		Release|Any CPU = Release|Any CPU
	EndGlobalSection
	GlobalSection(ProjectConfigurationPlatforms) = postSolution
		{0E4A8AF9-DFD2-4E15-AE4E-3C2ED54376EE}.Debug|Any CPU.ActiveCfg = Debug|Any CPU
		{0E4A8AF9-DFD2-4E15-AE4E-3C2ED54376EE}.Debug|Any CPU.Build.0 = Debug|Any CPU
		{0E4A8AF9-DFD2-4E15-AE4E-3C2ED54376EE}.Release|Any CPU.ActiveCfg = Release|Any CPU
		{0E4A8AF9-DFD2-4E15-AE4E-3C2ED54376EE}.Release|Any CPU.Build.0 = Release|Any CPU
	EndGlobalSection
	GlobalSection(SolutionProperties) = preSolution
		HideSolutionNode = FALSE
	EndGlobalSection
	GlobalSection(ExtensibilityGlobals) = postSolution
		SolutionGuid = {DB3AC988-FF3A-46C0-BDE3-18C7C9E09F59}
	EndGlobalSection
EndGlobal
