
Microsoft Visual Studio Solution File, Format Version 12.00
# Visual Studio Version 17
VisualStudioVersion = 17.7.34024.191
MinimumVisualStudioVersion = 10.0.40219.1
Project("{FAE04EC0-301F-11D3-BF4B-00C04F79EFBC}") = "AnimalsClasses", "AnimalsClasses\AnimalsClasses.csproj", "{CCC7F4AE-CF8E-4B3E-85D7-3E32E9CB3775}"
EndProject
Global
	GlobalSection(SolutionConfigurationPlatforms) = preSolution
		Debug|Any CPU = Debug|Any CPU
		Release|Any CPU = Release|Any CPU
	EndGlobalSection
	GlobalSection(ProjectConfigurationPlatforms) = postSolution
		{CCC7F4AE-CF8E-4B3E-85D7-3E32E9CB3775}.Debug|Any CPU.ActiveCfg = Debug|Any CPU
		{CCC7F4AE-CF8E-4B3E-85D7-3E32E9CB3775}.Debug|Any CPU.Build.0 = Debug|Any CPU
		{CCC7F4AE-CF8E-4B3E-85D7-3E32E9CB3775}.Release|Any CPU.ActiveCfg = Release|Any CPU
		{CCC7F4AE-CF8E-4B3E-85D7-3E32E9CB3775}.Release|Any CPU.Build.0 = Release|Any CPU
	EndGlobalSection
	GlobalSection(SolutionProperties) = preSolution
		HideSolutionNode = FALSE
	EndGlobalSection
	GlobalSection(ExtensibilityGlobals) = postSolution
		SolutionGuid = {1B5A2E2B-D165-4D3F-8F11-2F3AE48543A0}
	EndGlobalSection
EndGlobal
