
Microsoft Visual Studio Solution File, Format Version 12.00
# Visual Studio Version 17
VisualStudioVersion = 17.7.34024.191
MinimumVisualStudioVersion = 10.0.40219.1
Project("{FAE04EC0-301F-11D3-BF4B-00C04F79EFBC}") = "Graf", "Graf\Graf.csproj", "{853BA530-D753-461D-99AD-37D9B2CC6F0E}"
EndProject
Global
	GlobalSection(SolutionConfigurationPlatforms) = preSolution
		Debug|Any CPU = Debug|Any CPU
		Release|Any CPU = Release|Any CPU
	EndGlobalSection
	GlobalSection(ProjectConfigurationPlatforms) = postSolution
		{853BA530-D753-461D-99AD-37D9B2CC6F0E}.Debug|Any CPU.ActiveCfg = Debug|Any CPU
		{853BA530-D753-461D-99AD-37D9B2CC6F0E}.Debug|Any CPU.Build.0 = Debug|Any CPU
		{853BA530-D753-461D-99AD-37D9B2CC6F0E}.Release|Any CPU.ActiveCfg = Release|Any CPU
		{853BA530-D753-461D-99AD-37D9B2CC6F0E}.Release|Any CPU.Build.0 = Release|Any CPU
	EndGlobalSection
	GlobalSection(SolutionProperties) = preSolution
		HideSolutionNode = FALSE
	EndGlobalSection
	GlobalSection(ExtensibilityGlobals) = postSolution
		SolutionGuid = {116FCA14-7E45-4140-94EC-02E551F8CE5C}
	EndGlobalSection
EndGlobal
